
Microsoft Visual Studio Solution File, Format Version 12.00
# Visual Studio 15
VisualStudioVersion = 15.0.26430.15
MinimumVisualStudioVersion = 10.0.40219.1
Project("{FAE04EC0-301F-11D3-BF4B-00C04F79EFBC}") = "PS.Web", "PS.Web\PS.Web.csproj", "{D6C54B26-2ECA-4A32-93AE-10B4322BFF28}"
EndProject
Project("{FAE04EC0-301F-11D3-BF4B-00C04F79EFBC}") = "PS.DB", "PS.DB\PS.DB.csproj", "{392B0610-9324-410F-98A7-4A97FB3CE8C9}"
EndProject
Project("{FAE04EC0-301F-11D3-BF4B-00C04F79EFBC}") = "PS.Business", "PS.Business\PS.Business.csproj", "{76778DDB-7510-44DE-8891-D90B47380E8A}"
EndProject
Project("{FAE04EC0-301F-11D3-BF4B-00C04F79EFBC}") = "PS.Web-Angular5", "PS.Web-Angular5\PS.Web-Angular5.csproj", "{F63116DD-0602-4E6E-BC4E-F5377882C259}"
EndProject
Global
	GlobalSection(SolutionConfigurationPlatforms) = preSolution
		Debug|Any CPU = Debug|Any CPU
		Release|Any CPU = Release|Any CPU
	EndGlobalSection
	GlobalSection(ProjectConfigurationPlatforms) = postSolution
		{D6C54B26-2ECA-4A32-93AE-10B4322BFF28}.Debug|Any CPU.ActiveCfg = Debug|Any CPU
		{D6C54B26-2ECA-4A32-93AE-10B4322BFF28}.Debug|Any CPU.Build.0 = Debug|Any CPU
		{D6C54B26-2ECA-4A32-93AE-10B4322BFF28}.Release|Any CPU.ActiveCfg = Release|Any CPU
		{D6C54B26-2ECA-4A32-93AE-10B4322BFF28}.Release|Any CPU.Build.0 = Release|Any CPU
		{392B0610-9324-410F-98A7-4A97FB3CE8C9}.Debug|Any CPU.ActiveCfg = Debug|Any CPU
		{392B0610-9324-410F-98A7-4A97FB3CE8C9}.Debug|Any CPU.Build.0 = Debug|Any CPU
		{392B0610-9324-410F-98A7-4A97FB3CE8C9}.Release|Any CPU.ActiveCfg = Release|Any CPU
		{392B0610-9324-410F-98A7-4A97FB3CE8C9}.Release|Any CPU.Build.0 = Release|Any CPU
		{76778DDB-7510-44DE-8891-D90B47380E8A}.Debug|Any CPU.ActiveCfg = Debug|Any CPU
		{76778DDB-7510-44DE-8891-D90B47380E8A}.Debug|Any CPU.Build.0 = Debug|Any CPU
		{76778DDB-7510-44DE-8891-D90B47380E8A}.Release|Any CPU.ActiveCfg = Release|Any CPU
		{76778DDB-7510-44DE-8891-D90B47380E8A}.Release|Any CPU.Build.0 = Release|Any CPU
		{F63116DD-0602-4E6E-BC4E-F5377882C259}.Debug|Any CPU.ActiveCfg = Debug|Any CPU
		{F63116DD-0602-4E6E-BC4E-F5377882C259}.Debug|Any CPU.Build.0 = Debug|Any CPU
		{F63116DD-0602-4E6E-BC4E-F5377882C259}.Release|Any CPU.ActiveCfg = Release|Any CPU
		{F63116DD-0602-4E6E-BC4E-F5377882C259}.Release|Any CPU.Build.0 = Release|Any CPU
	EndGlobalSection
	GlobalSection(SolutionProperties) = preSolution
		HideSolutionNode = FALSE
	EndGlobalSection
EndGlobal
